// !$*UTF8*$!
{
	archiveVersion = 1;
	classes = {
	};
	objectVersion = 46;
	objects = {

/* Begin PBXBuildFile section */
		0A38BC7C1C6940F80069F936 /* AppDelegate.swift in Sources */ = {isa = PBXBuildFile; fileRef = 0A38BC7B1C6940F80069F936 /* AppDelegate.swift */; };
		0A38BC7E1C6940F80069F936 /* ViewController.swift in Sources */ = {isa = PBXBuildFile; fileRef = 0A38BC7D1C6940F80069F936 /* ViewController.swift */; };
		0A38BC811C6940F80069F936 /* Main.storyboard in Resources */ = {isa = PBXBuildFile; fileRef = 0A38BC7F1C6940F80069F936 /* Main.storyboard */; };
		0A38BC831C6940F90069F936 /* Assets.xcassets in Resources */ = {isa = PBXBuildFile; fileRef = 0A38BC821C6940F90069F936 /* Assets.xcassets */; };
		0A38BC861C6940F90069F936 /* LaunchScreen.storyboard in Resources */ = {isa = PBXBuildFile; fileRef = 0A38BC841C6940F90069F936 /* LaunchScreen.storyboard */; };
		0A38BC911C6940F90069F936 /* QuoteSpec.swift in Sources */ = {isa = PBXBuildFile; fileRef = 0A38BC901C6940F90069F936 /* QuoteSpec.swift */; };
		0A38BCA61C69C2880069F936 /* Quote.swift in Sources */ = {isa = PBXBuildFile; fileRef = 0A38BCA31C69C2880069F936 /* Quote.swift */; settings = {ASSET_TAGS = (); }; };
		0A38BCA71C69C2880069F936 /* Info.plist in Resources */ = {isa = PBXBuildFile; fileRef = 0A38BCA51C69C2880069F936 /* Info.plist */; settings = {ASSET_TAGS = (); }; };
		0A38BCAA1C6BB9CA0069F936 /* README.md in Sources */ = {isa = PBXBuildFile; fileRef = 0A38BCA91C6BB9CA0069F936 /* README.md */; settings = {ASSET_TAGS = (); }; };
		E2BB1B0FC13040ABB8A9846D /* Pods_iQuotesTests.framework in Frameworks */ = {isa = PBXBuildFile; fileRef = 40F47B35D9D456F4566EF660 /* Pods_iQuotesTests.framework */; };
/* End PBXBuildFile section */

/* Begin PBXContainerItemProxy section */
		0A38BC8D1C6940F90069F936 /* PBXContainerItemProxy */ = {
			isa = PBXContainerItemProxy;
			containerPortal = 0A38BC701C6940F80069F936 /* Project object */;
			proxyType = 1;
			remoteGlobalIDString = 0A38BC771C6940F80069F936;
			remoteInfo = iQuotes;
		};
/* End PBXContainerItemProxy section */

/* Begin PBXFileReference section */
		0A38BC781C6940F80069F936 /* iQuotes.app */ = {isa = PBXFileReference; explicitFileType = wrapper.application; includeInIndex = 0; path = iQuotes.app; sourceTree = BUILT_PRODUCTS_DIR; };
		0A38BC7B1C6940F80069F936 /* AppDelegate.swift */ = {isa = PBXFileReference; lastKnownFileType = sourcecode.swift; path = AppDelegate.swift; sourceTree = "<group>"; };
		0A38BC7D1C6940F80069F936 /* ViewController.swift */ = {isa = PBXFileReference; lastKnownFileType = sourcecode.swift; path = ViewController.swift; sourceTree = "<group>"; };
		0A38BC801C6940F80069F936 /* Base */ = {isa = PBXFileReference; lastKnownFileType = file.storyboard; name = Base; path = Base.lproj/Main.storyboard; sourceTree = "<group>"; };
		0A38BC821C6940F90069F936 /* Assets.xcassets */ = {isa = PBXFileReference; lastKnownFileType = folder.assetcatalog; name = Assets.xcassets; path = iQuotes/Assets.xcassets; sourceTree = "<group>"; };
		0A38BC851C6940F90069F936 /* Base */ = {isa = PBXFileReference; lastKnownFileType = file.storyboard; name = Base; path = Base.lproj/LaunchScreen.storyboard; sourceTree = "<group>"; };
		0A38BC8C1C6940F90069F936 /* iQuotesTests.xctest */ = {isa = PBXFileReference; explicitFileType = wrapper.cfbundle; includeInIndex = 0; path = iQuotesTests.xctest; sourceTree = BUILT_PRODUCTS_DIR; };
		0A38BC901C6940F90069F936 /* QuoteSpec.swift */ = {isa = PBXFileReference; lastKnownFileType = sourcecode.swift; path = QuoteSpec.swift; sourceTree = "<group>"; };
		0A38BC921C6940F90069F936 /* Info.plist */ = {isa = PBXFileReference; lastKnownFileType = text.plist.xml; path = Info.plist; sourceTree = "<group>"; };
		0A38BCA31C69C2880069F936 /* Quote.swift */ = {isa = PBXFileReference; fileEncoding = 4; lastKnownFileType = sourcecode.swift; path = Quote.swift; sourceTree = "<group>"; };
		0A38BCA51C69C2880069F936 /* Info.plist */ = {isa = PBXFileReference; fileEncoding = 4; lastKnownFileType = text.plist.xml; path = Info.plist; sourceTree = "<group>"; };
		0A38BCA91C6BB9CA0069F936 /* README.md */ = {isa = PBXFileReference; fileEncoding = 4; lastKnownFileType = net.daringfireball.markdown; path = README.md; sourceTree = SOURCE_ROOT; };
		40F47B35D9D456F4566EF660 /* Pods_iQuotesTests.framework */ = {isa = PBXFileReference; explicitFileType = wrapper.framework; includeInIndex = 0; path = Pods_iQuotesTests.framework; sourceTree = BUILT_PRODUCTS_DIR; };
		CFD93F09AFA6D4D4A6245D89 /* Pods-iQuotesTests.release.xcconfig */ = {isa = PBXFileReference; includeInIndex = 1; lastKnownFileType = text.xcconfig; name = "Pods-iQuotesTests.release.xcconfig"; path = "Pods/Target Support Files/Pods-iQuotesTests/Pods-iQuotesTests.release.xcconfig"; sourceTree = "<group>"; };
		E6EAB653B85F4C6B6DD44998 /* Pods-iQuotesTests.debug.xcconfig */ = {isa = PBXFileReference; includeInIndex = 1; lastKnownFileType = text.xcconfig; name = "Pods-iQuotesTests.debug.xcconfig"; path = "Pods/Target Support Files/Pods-iQuotesTests/Pods-iQuotesTests.debug.xcconfig"; sourceTree = "<group>"; };
/* End PBXFileReference section */

/* Begin PBXFrameworksBuildPhase section */
		0A38BC751C6940F80069F936 /* Frameworks */ = {
			isa = PBXFrameworksBuildPhase;
			buildActionMask = 2147483647;
			files = (
			);
			runOnlyForDeploymentPostprocessing = 0;
		};
		0A38BC891C6940F90069F936 /* Frameworks */ = {
			isa = PBXFrameworksBuildPhase;
			buildActionMask = 2147483647;
			files = (
				E2BB1B0FC13040ABB8A9846D /* Pods_iQuotesTests.framework in Frameworks */,
			);
			runOnlyForDeploymentPostprocessing = 0;
		};
/* End PBXFrameworksBuildPhase section */

/* Begin PBXGroup section */
		0A38BC6F1C6940F80069F936 = {
			isa = PBXGroup;
			children = (
				0A38BC7A1C6940F80069F936 /* iQuotes */,
				0A38BC821C6940F90069F936 /* Assets.xcassets */,
				0A38BC8F1C6940F90069F936 /* iQuotesTests */,
				0A38BC791C6940F80069F936 /* Products */,
				B60310B6125B945A51F0CDAF /* Pods */,
				7543D4771BF8BBD076017783 /* Frameworks */,
			);
			sourceTree = "<group>";
		};
		0A38BC791C6940F80069F936 /* Products */ = {
			isa = PBXGroup;
			children = (
				0A38BC781C6940F80069F936 /* iQuotes.app */,
				0A38BC8C1C6940F90069F936 /* iQuotesTests.xctest */,
			);
			name = Products;
			sourceTree = "<group>";
		};
		0A38BC7A1C6940F80069F936 /* iQuotes */ = {
			isa = PBXGroup;
			children = (
				0A38BCA81C69C2B60069F936 /* Storyboards */,
				0A38BC7B1C6940F80069F936 /* AppDelegate.swift */,
				0A38BC7D1C6940F80069F936 /* ViewController.swift */,
				0A38BCA21C69C2880069F936 /* Models */,
				0A38BCA41C69C2880069F936 /* Supporting Files */,
			);
			path = iQuotes;
			sourceTree = "<group>";
		};
		0A38BC8F1C6940F90069F936 /* iQuotesTests */ = {
			isa = PBXGroup;
			children = (
				0A38BC901C6940F90069F936 /* QuoteSpec.swift */,
				0A38BC921C6940F90069F936 /* Info.plist */,
			);
			path = iQuotesTests;
			sourceTree = "<group>";
		};
		0A38BCA21C69C2880069F936 /* Models */ = {
			isa = PBXGroup;
			children = (
				0A38BCA31C69C2880069F936 /* Quote.swift */,
			);
			path = Models;
			sourceTree = "<group>";
		};
		0A38BCA41C69C2880069F936 /* Supporting Files */ = {
			isa = PBXGroup;
			children = (
				0A38BCA51C69C2880069F936 /* Info.plist */,
				0A38BCA91C6BB9CA0069F936 /* README.md */,
			);
			path = "Supporting Files";
			sourceTree = "<group>";
		};
		0A38BCA81C69C2B60069F936 /* Storyboards */ = {
			isa = PBXGroup;
			children = (
				0A38BC7F1C6940F80069F936 /* Main.storyboard */,
				0A38BC841C6940F90069F936 /* LaunchScreen.storyboard */,
			);
			name = Storyboards;
			sourceTree = "<group>";
		};
		7543D4771BF8BBD076017783 /* Frameworks */ = {
			isa = PBXGroup;
			children = (
				40F47B35D9D456F4566EF660 /* Pods_iQuotesTests.framework */,
			);
			name = Frameworks;
			sourceTree = "<group>";
		};
		B60310B6125B945A51F0CDAF /* Pods */ = {
			isa = PBXGroup;
			children = (
				E6EAB653B85F4C6B6DD44998 /* Pods-iQuotesTests.debug.xcconfig */,
				CFD93F09AFA6D4D4A6245D89 /* Pods-iQuotesTests.release.xcconfig */,
			);
			name = Pods;
			sourceTree = "<group>";
		};
/* End PBXGroup section */

/* Begin PBXNativeTarget section */
		0A38BC771C6940F80069F936 /* iQuotes */ = {
			isa = PBXNativeTarget;
			buildConfigurationList = 0A38BC951C6940F90069F936 /* Build configuration list for PBXNativeTarget "iQuotes" */;
			buildPhases = (
				0A38BC741C6940F80069F936 /* Sources */,
				0A38BC751C6940F80069F936 /* Frameworks */,
				0A38BC761C6940F80069F936 /* Resources */,
			);
			buildRules = (
			);
			dependencies = (
			);
			name = iQuotes;
			productName = iQuotes;
			productReference = 0A38BC781C6940F80069F936 /* iQuotes.app */;
			productType = "com.apple.product-type.application";
		};
		0A38BC8B1C6940F90069F936 /* iQuotesTests */ = {
			isa = PBXNativeTarget;
			buildConfigurationList = 0A38BC981C6940F90069F936 /* Build configuration list for PBXNativeTarget "iQuotesTests" */;
			buildPhases = (
				8C5AE8A8E406A2DEA02CC194 /* Check Pods Manifest.lock */,
				0A38BC881C6940F90069F936 /* Sources */,
				0A38BC891C6940F90069F936 /* Frameworks */,
				0A38BC8A1C6940F90069F936 /* Resources */,
				3294401A7B7E2C96D8986EBE /* Embed Pods Frameworks */,
				8F7A846A7D58D501C8A75163 /* Copy Pods Resources */,
			);
			buildRules = (
			);
			dependencies = (
				0A38BC8E1C6940F90069F936 /* PBXTargetDependency */,
			);
			name = iQuotesTests;
			productName = iQuotesTests;
			productReference = 0A38BC8C1C6940F90069F936 /* iQuotesTests.xctest */;
			productType = "com.apple.product-type.bundle.unit-test";
		};
/* End PBXNativeTarget section */

/* Begin PBXProject section */
		0A38BC701C6940F80069F936 /* Project object */ = {
			isa = PBXProject;
			attributes = {
				LastUpgradeCheck = 0700;
				ORGANIZATIONNAME = "Kevin Hirsch";
				TargetAttributes = {
					0A38BC771C6940F80069F936 = {
						CreatedOnToolsVersion = 7.0;
					};
					0A38BC8B1C6940F90069F936 = {
						CreatedOnToolsVersion = 7.0;
						TestTargetID = 0A38BC771C6940F80069F936;
					};
				};
			};
			buildConfigurationList = 0A38BC731C6940F80069F936 /* Build configuration list for PBXProject "iQuotes" */;
			compatibilityVersion = "Xcode 3.2";
			developmentRegion = English;
			hasScannedForEncodings = 0;
			knownRegions = (
				en,
				Base,
			);
			mainGroup = 0A38BC6F1C6940F80069F936;
			productRefGroup = 0A38BC791C6940F80069F936 /* Products */;
			projectDirPath = "";
			projectRoot = "";
			targets = (
				0A38BC771C6940F80069F936 /* iQuotes */,
				0A38BC8B1C6940F90069F936 /* iQuotesTests */,
			);
		};
/* End PBXProject section */

/* Begin PBXResourcesBuildPhase section */
		0A38BC761C6940F80069F936 /* Resources */ = {
			isa = PBXResourcesBuildPhase;
			buildActionMask = 2147483647;
			files = (
				0A38BCA71C69C2880069F936 /* Info.plist in Resources */,
				0A38BC861C6940F90069F936 /* LaunchScreen.storyboard in Resources */,
				0A38BC831C6940F90069F936 /* Assets.xcassets in Resources */,
				0A38BC811C6940F80069F936 /* Main.storyboard in Resources */,
			);
			runOnlyForDeploymentPostprocessing = 0;
		};
		0A38BC8A1C6940F90069F936 /* Resources */ = {
			isa = PBXResourcesBuildPhase;
			buildActionMask = 2147483647;
			files = (
			);
			runOnlyForDeploymentPostprocessing = 0;
		};
/* End PBXResourcesBuildPhase section */

/* Begin PBXShellScriptBuildPhase section */
		3294401A7B7E2C96D8986EBE /* Embed Pods Frameworks */ = {
			isa = PBXShellScriptBuildPhase;
			buildActionMask = 2147483647;
			files = (
			);
			inputPaths = (
			);
			name = "Embed Pods Frameworks";
			outputPaths = (
			);
			runOnlyForDeploymentPostprocessing = 0;
			shellPath = /bin/sh;
			shellScript = "\"${SRCROOT}/Pods/Target Support Files/Pods-iQuotesTests/Pods-iQuotesTests-frameworks.sh\"\n";
			showEnvVarsInLog = 0;
		};
		8C5AE8A8E406A2DEA02CC194 /* Check Pods Manifest.lock */ = {
			isa = PBXShellScriptBuildPhase;
			buildActionMask = 2147483647;
			files = (
			);
			inputPaths = (
			);
			name = "Check Pods Manifest.lock";
			outputPaths = (
			);
			runOnlyForDeploymentPostprocessing = 0;
			shellPath = /bin/sh;
			shellScript = "diff \"${PODS_ROOT}/../Podfile.lock\" \"${PODS_ROOT}/Manifest.lock\" > /dev/null\nif [[ $? != 0 ]] ; then\n    cat << EOM\nerror: The sandbox is not in sync with the Podfile.lock. Run 'pod install' or update your CocoaPods installation.\nEOM\n    exit 1\nfi\n";
			showEnvVarsInLog = 0;
		};
		8F7A846A7D58D501C8A75163 /* Copy Pods Resources */ = {
			isa = PBXShellScriptBuildPhase;
			buildActionMask = 2147483647;
			files = (
			);
			inputPaths = (
			);
			name = "Copy Pods Resources";
			outputPaths = (
			);
			runOnlyForDeploymentPostprocessing = 0;
			shellPath = /bin/sh;
			shellScript = "\"${SRCROOT}/Pods/Target Support Files/Pods-iQuotesTests/Pods-iQuotesTests-resources.sh\"\n";
			showEnvVarsInLog = 0;
		};
/* End PBXShellScriptBuildPhase section */

/* Begin PBXSourcesBuildPhase section */
		0A38BC741C6940F80069F936 /* Sources */ = {
			isa = PBXSourcesBuildPhase;
			buildActionMask = 2147483647;
			files = (
				0A38BC7E1C6940F80069F936 /* ViewController.swift in Sources */,
				0A38BCA61C69C2880069F936 /* Quote.swift in Sources */,
				0A38BCAA1C6BB9CA0069F936 /* README.md in Sources */,
				0A38BC7C1C6940F80069F936 /* AppDelegate.swift in Sources */,
			);
			runOnlyForDeploymentPostprocessing = 0;
		};
		0A38BC881C6940F90069F936 /* Sources */ = {
			isa = PBXSourcesBuildPhase;
			buildActionMask = 2147483647;
			files = (
				0A38BC911C6940F90069F936 /* QuoteSpec.swift in Sources */,
			);
			runOnlyForDeploymentPostprocessing = 0;
		};
/* End PBXSourcesBuildPhase section */

/* Begin PBXTargetDependency section */
		0A38BC8E1C6940F90069F936 /* PBXTargetDependency */ = {
			isa = PBXTargetDependency;
			target = 0A38BC771C6940F80069F936 /* iQuotes */;
			targetProxy = 0A38BC8D1C6940F90069F936 /* PBXContainerItemProxy */;
		};
/* End PBXTargetDependency section */

/* Begin PBXVariantGroup section */
		0A38BC7F1C6940F80069F936 /* Main.storyboard */ = {
			isa = PBXVariantGroup;
			children = (
				0A38BC801C6940F80069F936 /* Base */,
			);
			name = Main.storyboard;
			sourceTree = "<group>";
		};
		0A38BC841C6940F90069F936 /* LaunchScreen.storyboard */ = {
			isa = PBXVariantGroup;
			children = (
				0A38BC851C6940F90069F936 /* Base */,
			);
			name = LaunchScreen.storyboard;
			sourceTree = "<group>";
		};
/* End PBXVariantGroup section */

/* Begin XCBuildConfiguration section */
		0A38BC931C6940F90069F936 /* Debug */ = {
			isa = XCBuildConfiguration;
			buildSettings = {
				ALWAYS_SEARCH_USER_PATHS = NO;
				CLANG_CXX_LANGUAGE_STANDARD = "gnu++0x";
				CLANG_CXX_LIBRARY = "libc++";
				CLANG_ENABLE_MODULES = YES;
				CLANG_ENABLE_OBJC_ARC = YES;
				CLANG_WARN_BOOL_CONVERSION = YES;
				CLANG_WARN_CONSTANT_CONVERSION = YES;
				CLANG_WARN_DIRECT_OBJC_ISA_USAGE = YES_ERROR;
				CLANG_WARN_EMPTY_BODY = YES;
				CLANG_WARN_ENUM_CONVERSION = YES;
				CLANG_WARN_INT_CONVERSION = YES;
				CLANG_WARN_OBJC_ROOT_CLASS = YES_ERROR;
				CLANG_WARN_UNREACHABLE_CODE = YES;
				CLANG_WARN__DUPLICATE_METHOD_MATCH = YES;
				"CODE_SIGN_IDENTITY[sdk=iphoneos*]" = "iPhone Developer";
				COPY_PHASE_STRIP = NO;
				DEBUG_INFORMATION_FORMAT = dwarf;
				ENABLE_STRICT_OBJC_MSGSEND = YES;
				ENABLE_TESTABILITY = YES;
				GCC_C_LANGUAGE_STANDARD = gnu99;
				GCC_DYNAMIC_NO_PIC = NO;
				GCC_NO_COMMON_BLOCKS = YES;
				GCC_OPTIMIZATION_LEVEL = 0;
				GCC_PREPROCESSOR_DEFINITIONS = (
					"DEBUG=1",
					"$(inherited)",
				);
				GCC_WARN_64_TO_32_BIT_CONVERSION = YES;
				GCC_WARN_ABOUT_RETURN_TYPE = YES_ERROR;
				GCC_WARN_UNDECLARED_SELECTOR = YES;
				GCC_WARN_UNINITIALIZED_AUTOS = YES_AGGRESSIVE;
				GCC_WARN_UNUSED_FUNCTION = YES;
				GCC_WARN_UNUSED_VARIABLE = YES;
				IPHONEOS_DEPLOYMENT_TARGET = 9.0;
				MTL_ENABLE_DEBUG_INFO = YES;
				ONLY_ACTIVE_ARCH = YES;
				SDKROOT = iphoneos;
				SWIFT_OPTIMIZATION_LEVEL = "-Onone";
			};
			name = Debug;
		};
		0A38BC941C6940F90069F936 /* Release */ = {
			isa = XCBuildConfiguration;
			buildSettings = {
				ALWAYS_SEARCH_USER_PATHS = NO;
				CLANG_CXX_LANGUAGE_STANDARD = "gnu++0x";
				CLANG_CXX_LIBRARY = "libc++";
				CLANG_ENABLE_MODULES = YES;
				CLANG_ENABLE_OBJC_ARC = YES;
				CLANG_WARN_BOOL_CONVERSION = YES;
				CLANG_WARN_CONSTANT_CONVERSION = YES;
				CLANG_WARN_DIRECT_OBJC_ISA_USAGE = YES_ERROR;
				CLANG_WARN_EMPTY_BODY = YES;
				CLANG_WARN_ENUM_CONVERSION = YES;
				CLANG_WARN_INT_CONVERSION = YES;
				CLANG_WARN_OBJC_ROOT_CLASS = YES_ERROR;
				CLANG_WARN_UNREACHABLE_CODE = YES;
				CLANG_WARN__DUPLICATE_METHOD_MATCH = YES;
				"CODE_SIGN_IDENTITY[sdk=iphoneos*]" = "iPhone Developer";
				COPY_PHASE_STRIP = NO;
				DEBUG_INFORMATION_FORMAT = "dwarf-with-dsym";
				ENABLE_NS_ASSERTIONS = NO;
				ENABLE_STRICT_OBJC_MSGSEND = YES;
				GCC_C_LANGUAGE_STANDARD = gnu99;
				GCC_NO_COMMON_BLOCKS = YES;
				GCC_WARN_64_TO_32_BIT_CONVERSION = YES;
				GCC_WARN_ABOUT_RETURN_TYPE = YES_ERROR;
				GCC_WARN_UNDECLARED_SELECTOR = YES;
				GCC_WARN_UNINITIALIZED_AUTOS = YES_AGGRESSIVE;
				GCC_WARN_UNUSED_FUNCTION = YES;
				GCC_WARN_UNUSED_VARIABLE = YES;
				IPHONEOS_DEPLOYMENT_TARGET = 9.0;
				MTL_ENABLE_DEBUG_INFO = NO;
				SDKROOT = iphoneos;
				VALIDATE_PRODUCT = YES;
			};
			name = Release;
		};
		0A38BC961C6940F90069F936 /* Debug */ = {
			isa = XCBuildConfiguration;
			buildSettings = {
				ASSETCATALOG_COMPILER_APPICON_NAME = AppIcon;
				INFOPLIST_FILE = "$(SRCROOT)/iQuotes/Supporting Files/Info.plist";
				LD_RUNPATH_SEARCH_PATHS = "$(inherited) @executable_path/Frameworks";
				PRODUCT_BUNDLE_IDENTIFIER = com.kevin.hirsch.iQuotes;
				PRODUCT_NAME = "$(TARGET_NAME)";
			};
			name = Debug;
		};
		0A38BC971C6940F90069F936 /* Release */ = {
			isa = XCBuildConfiguration;
			buildSettings = {
				ASSETCATALOG_COMPILER_APPICON_NAME = AppIcon;
				INFOPLIST_FILE = "$(SRCROOT)/iQuotes/Supporting Files/Info.plist";
				LD_RUNPATH_SEARCH_PATHS = "$(inherited) @executable_path/Frameworks";
				PRODUCT_BUNDLE_IDENTIFIER = com.kevin.hirsch.iQuotes;
				PRODUCT_NAME = "$(TARGET_NAME)";
			};
			name = Release;
		};
		0A38BC991C6940F90069F936 /* Debug */ = {
			isa = XCBuildConfiguration;
			baseConfigurationReference = E6EAB653B85F4C6B6DD44998 /* Pods-iQuotesTests.debug.xcconfig */;
			buildSettings = {
				BUNDLE_LOADER = "$(TEST_HOST)";
				INFOPLIST_FILE = iQuotesTests/Info.plist;
				LD_RUNPATH_SEARCH_PATHS = "$(inherited) @executable_path/Frameworks @loader_path/Frameworks";
				PRODUCT_BUNDLE_IDENTIFIER = com.kevin.hirsch.iQuotesTests;
				PRODUCT_NAME = "$(TARGET_NAME)";
				TEST_HOST = "$(BUILT_PRODUCTS_DIR)/iQuotes.app/iQuotes";
			};
			name = Debug;
		};
		0A38BC9A1C6940F90069F936 /* Release */ = {
			isa = XCBuildConfiguration;
			baseConfigurationReference = CFD93F09AFA6D4D4A6245D89 /* Pods-iQuotesTests.release.xcconfig */;
			buildSettings = {
				BUNDLE_LOADER = "$(TEST_HOST)";
				INFOPLIST_FILE = iQuotesTests/Info.plist;
				LD_RUNPATH_SEARCH_PATHS = "$(inherited) @executable_path/Frameworks @loader_path/Frameworks";
				PRODUCT_BUNDLE_IDENTIFIER = com.kevin.hirsch.iQuotesTests;
				PRODUCT_NAME = "$(TARGET_NAME)";
				TEST_HOST = "$(BUILT_PRODUCTS_DIR)/iQuotes.app/iQuotes";
			};
			name = Release;
		};
/* End XCBuildConfiguration section */

/* Begin XCConfigurationList section */
		0A38BC731C6940F80069F936 /* Build configuration list for PBXProject "iQuotes" */ = {
			isa = XCConfigurationList;
			buildConfigurations = (
				0A38BC931C6940F90069F936 /* Debug */,
				0A38BC941C6940F90069F936 /* Release */,
			);
			defaultConfigurationIsVisible = 0;
			defaultConfigurationName = Release;
		};
		0A38BC951C6940F90069F936 /* Build configuration list for PBXNativeTarget "iQuotes" */ = {
			isa = XCConfigurationList;
			buildConfigurations = (
				0A38BC961C6940F90069F936 /* Debug */,
				0A38BC971C6940F90069F936 /* Release */,
			);
			defaultConfigurationIsVisible = 0;
			defaultConfigurationName = Release;
		};
		0A38BC981C6940F90069F936 /* Build configuration list for PBXNativeTarget "iQuotesTests" */ = {
			isa = XCConfigurationList;
			buildConfigurations = (
				0A38BC991C6940F90069F936 /* Debug */,
				0A38BC9A1C6940F90069F936 /* Release */,
			);
			defaultConfigurationIsVisible = 0;
			defaultConfigurationName = Release;
		};
/* End XCConfigurationList section */
	};
	rootObject = 0A38BC701C6940F80069F936 /* Project object */;
}
